
Microsoft Visual Studio Solution File, Format Version 12.00
# Visual Studio Version 17
VisualStudioVersion = 17.9.34728.123
MinimumVisualStudioVersion = 10.0.40219.1
Project("{FAE04EC0-301F-11D3-BF4B-00C04F79EFBC}") = "SchoolManagementSystem", "SchoolManagementSystem\SchoolManagementSystem.csproj", "{545A3E6C-C376-46BD-AC18-613531CBAD17}"
EndProject
Global
	GlobalSection(SolutionConfigurationPlatforms) = preSolution
		Debug|Any CPU = Debug|Any CPU
		Release|Any CPU = Release|Any CPU
	EndGlobalSection
	GlobalSection(ProjectConfigurationPlatforms) = postSolution
		{545A3E6C-C376-46BD-AC18-613531CBAD17}.Debug|Any CPU.ActiveCfg = Debug|Any CPU
		{545A3E6C-C376-46BD-AC18-613531CBAD17}.Debug|Any CPU.Build.0 = Debug|Any CPU
		{545A3E6C-C376-46BD-AC18-613531CBAD17}.Release|Any CPU.ActiveCfg = Release|Any CPU
		{545A3E6C-C376-46BD-AC18-613531CBAD17}.Release|Any CPU.Build.0 = Release|Any CPU
	EndGlobalSection
	GlobalSection(SolutionProperties) = preSolution
		HideSolutionNode = FALSE
	EndGlobalSection
	GlobalSection(ExtensibilityGlobals) = postSolution
		SolutionGuid = {EB5841D2-7DBC-4D4E-A0BF-08D34F0C8CF3}
	EndGlobalSection
EndGlobal
